
Microsoft Visual Studio Solution File, Format Version 12.00
# Visual Studio Version 17
VisualStudioVersion = 17.11.35312.102
MinimumVisualStudioVersion = 10.0.40219.1
Project("{8BC9CEB8-8B4A-11D0-8D11-00A0C91BC942}") = "Print from 1 to N", "Print from 1 to N\Print from 1 to N.vcxproj", "{785A4D0B-0195-49EE-8331-C4F63528C26A}"
EndProject
Global
	GlobalSection(SolutionConfigurationPlatforms) = preSolution
		Debug|x64 = Debug|x64
		Debug|x86 = Debug|x86
		Release|x64 = Release|x64
		Release|x86 = Release|x86
	EndGlobalSection
	GlobalSection(ProjectConfigurationPlatforms) = postSolution
		{785A4D0B-0195-49EE-8331-C4F63528C26A}.Debug|x64.ActiveCfg = Debug|x64
		{785A4D0B-0195-49EE-8331-C4F63528C26A}.Debug|x64.Build.0 = Debug|x64
		{785A4D0B-0195-49EE-8331-C4F63528C26A}.Debug|x86.ActiveCfg = Debug|Win32
		{785A4D0B-0195-49EE-8331-C4F63528C26A}.Debug|x86.Build.0 = Debug|Win32
		{785A4D0B-0195-49EE-8331-C4F63528C26A}.Release|x64.ActiveCfg = Release|x64
		{785A4D0B-0195-49EE-8331-C4F63528C26A}.Release|x64.Build.0 = Release|x64
		{785A4D0B-0195-49EE-8331-C4F63528C26A}.Release|x86.ActiveCfg = Release|Win32
		{785A4D0B-0195-49EE-8331-C4F63528C26A}.Release|x86.Build.0 = Release|Win32
	EndGlobalSection
	GlobalSection(SolutionProperties) = preSolution
		HideSolutionNode = FALSE
	EndGlobalSection
	GlobalSection(ExtensibilityGlobals) = postSolution
		SolutionGuid = {9ED00A7F-4283-4897-B498-A76757EED7C8}
	EndGlobalSection
EndGlobal
